
Microsoft Visual Studio Solution File, Format Version 12.00
# Visual Studio Version 17
VisualStudioVersion = 17.12.35707.178
MinimumVisualStudioVersion = 10.0.40219.1
Project("{FAE04EC0-301F-11D3-BF4B-00C04F79EFBC}") = "Gyakorlo feladat", "Gyakorlo feladat\Gyakorlo feladat.csproj", "{83CBA1DD-82E7-43CD-B745-FA203104DC3F}"
EndProject
Project("{FAE04EC0-301F-11D3-BF4B-00C04F79EFBC}") = "J.2feladat", "J.2feladat\J.2feladat.csproj", "{E52E5BC7-6439-44B0-9082-D03D2C233393}"
EndProject
Project("{FAE04EC0-301F-11D3-BF4B-00C04F79EFBC}") = "J.5feladat", "ConsoleApp1\J.5feladat.csproj", "{7AB3BA8D-9CCC-42A5-92D6-5AD2234BB10E}"
EndProject
Project("{FAE04EC0-301F-11D3-BF4B-00C04F79EFBC}") = "J.7feladat", "J.7feladat\J.7feladat.csproj", "{8107D496-0D07-48E7-B2A7-0C0FCC50B8EB}"
EndProject
Project("{FAE04EC0-301F-11D3-BF4B-00C04F79EFBC}") = "J.8feladat", "J.8feladat\J.8feladat.csproj", "{406E13FE-13A9-4D60-AAF0-1D769861F344}"
EndProject
Project("{FAE04EC0-301F-11D3-BF4B-00C04F79EFBC}") = "J.9fealdat", "J.9fealdat\J.9fealdat.csproj", "{7B84B59A-98DB-41CC-8A96-4BDE7C32DAFF}"
EndProject
Project("{FAE04EC0-301F-11D3-BF4B-00C04F79EFBC}") = "Legnagyobbelem", "Legnagyobbelem\Legnagyobbelem.csproj", "{17A6C60A-6384-406E-9941-3F71D8FDC37A}"
EndProject
Project("{FAE04EC0-301F-11D3-BF4B-00C04F79EFBC}") = "v27.feladat", "v27.feladat\v27.feladat.csproj", "{708C1952-AC6B-4938-A277-AAAE6C285E0C}"
EndProject
Project("{FAE04EC0-301F-11D3-BF4B-00C04F79EFBC}") = "D_35.Feladat", "D_35.Feladat\D_35.Feladat.csproj", "{F759D532-F48A-4970-BB88-A499311DCCC7}"
EndProject
Project("{FAE04EC0-301F-11D3-BF4B-00C04F79EFBC}") = "D_36.Feladat", "D_36.Feladat\D_36.Feladat.csproj", "{5C345625-8C4D-404A-B5E0-669AE44B0722}"
EndProject
Project("{FAE04EC0-301F-11D3-BF4B-00C04F79EFBC}") = "D_43.Feladat", "D_43.Feladat\D_43.Feladat.csproj", "{CD0C0101-68F3-465F-9330-E1E26A27F2FB}"
EndProject
Project("{FAE04EC0-301F-11D3-BF4B-00C04F79EFBC}") = "D_37.Feladat", "D_37.Feladat\D_37.Feladat.csproj", "{3A641331-33B9-469C-ABC0-D41665246D3E}"
EndProject
Project("{FAE04EC0-301F-11D3-BF4B-00C04F79EFBC}") = "D_38.Feladat", "D_38.Feladat\D_38.Feladat.csproj", "{72AC0C2C-ECDF-4C24-B1B2-DC00649565E7}"
EndProject
Project("{FAE04EC0-301F-11D3-BF4B-00C04F79EFBC}") = "D_39.Feladat", "D_39.Feladat\D_39.Feladat.csproj", "{C10A8CD3-DA12-4876-850D-45C87294D190}"
EndProject
Project("{FAE04EC0-301F-11D3-BF4B-00C04F79EFBC}") = "D_40.Feladat", "D_40.Feladat\D_40.Feladat.csproj", "{13678BF2-5E96-404A-93EF-5D2B58941C82}"
EndProject
Project("{FAE04EC0-301F-11D3-BF4B-00C04F79EFBC}") = "D41_.Feladat", "41_.Feladat\D41_.Feladat.csproj", "{4AD51CCA-7BD9-467A-A835-E1A09B05A8A1}"
EndProject
Project("{FAE04EC0-301F-11D3-BF4B-00C04F79EFBC}") = "D_42.Feladat", "D_42.Feladat\D_42.Feladat.csproj", "{30D61C15-79DF-4FC0-86CF-8D48FC898837}"
EndProject
Project("{FAE04EC0-301F-11D3-BF4B-00C04F79EFBC}") = "D44_.Feladat", "D44_.Feladat\D44_.Feladat.csproj", "{421A30E4-4320-4CF5-B33B-5B113A78060F}"
EndProject
Project("{FAE04EC0-301F-11D3-BF4B-00C04F79EFBC}") = "F_.50Feladat", "F_.50Feladat\F_.50Feladat.csproj", "{5C1D0D7E-2F73-4BF3-B527-61AB076377BD}"
EndProject
Project("{FAE04EC0-301F-11D3-BF4B-00C04F79EFBC}") = "E._45Feladat", "E._45Feladat\E._45Feladat.csproj", "{85003866-1B91-4E3C-B7BB-F776457771B0}"
EndProject
Global
	GlobalSection(SolutionConfigurationPlatforms) = preSolution
		Debug|Any CPU = Debug|Any CPU
		Release|Any CPU = Release|Any CPU
	EndGlobalSection
	GlobalSection(ProjectConfigurationPlatforms) = postSolution
		{83CBA1DD-82E7-43CD-B745-FA203104DC3F}.Debug|Any CPU.ActiveCfg = Debug|Any CPU
		{83CBA1DD-82E7-43CD-B745-FA203104DC3F}.Debug|Any CPU.Build.0 = Debug|Any CPU
		{83CBA1DD-82E7-43CD-B745-FA203104DC3F}.Release|Any CPU.ActiveCfg = Release|Any CPU
		{83CBA1DD-82E7-43CD-B745-FA203104DC3F}.Release|Any CPU.Build.0 = Release|Any CPU
		{E52E5BC7-6439-44B0-9082-D03D2C233393}.Debug|Any CPU.ActiveCfg = Debug|Any CPU
		{E52E5BC7-6439-44B0-9082-D03D2C233393}.Debug|Any CPU.Build.0 = Debug|Any CPU
		{E52E5BC7-6439-44B0-9082-D03D2C233393}.Release|Any CPU.ActiveCfg = Release|Any CPU
		{E52E5BC7-6439-44B0-9082-D03D2C233393}.Release|Any CPU.Build.0 = Release|Any CPU
		{7AB3BA8D-9CCC-42A5-92D6-5AD2234BB10E}.Debug|Any CPU.ActiveCfg = Debug|Any CPU
		{7AB3BA8D-9CCC-42A5-92D6-5AD2234BB10E}.Debug|Any CPU.Build.0 = Debug|Any CPU
		{7AB3BA8D-9CCC-42A5-92D6-5AD2234BB10E}.Release|Any CPU.ActiveCfg = Release|Any CPU
		{7AB3BA8D-9CCC-42A5-92D6-5AD2234BB10E}.Release|Any CPU.Build.0 = Release|Any CPU
		{8107D496-0D07-48E7-B2A7-0C0FCC50B8EB}.Debug|Any CPU.ActiveCfg = Debug|Any CPU
		{8107D496-0D07-48E7-B2A7-0C0FCC50B8EB}.Debug|Any CPU.Build.0 = Debug|Any CPU
		{8107D496-0D07-48E7-B2A7-0C0FCC50B8EB}.Release|Any CPU.ActiveCfg = Release|Any CPU
		{8107D496-0D07-48E7-B2A7-0C0FCC50B8EB}.Release|Any CPU.Build.0 = Release|Any CPU
		{406E13FE-13A9-4D60-AAF0-1D769861F344}.Debug|Any CPU.ActiveCfg = Debug|Any CPU
		{406E13FE-13A9-4D60-AAF0-1D769861F344}.Debug|Any CPU.Build.0 = Debug|Any CPU
		{406E13FE-13A9-4D60-AAF0-1D769861F344}.Release|Any CPU.ActiveCfg = Release|Any CPU
		{406E13FE-13A9-4D60-AAF0-1D769861F344}.Release|Any CPU.Build.0 = Release|Any CPU
		{7B84B59A-98DB-41CC-8A96-4BDE7C32DAFF}.Debug|Any CPU.ActiveCfg = Debug|Any CPU
		{7B84B59A-98DB-41CC-8A96-4BDE7C32DAFF}.Debug|Any CPU.Build.0 = Debug|Any CPU
		{7B84B59A-98DB-41CC-8A96-4BDE7C32DAFF}.Release|Any CPU.ActiveCfg = Release|Any CPU
		{7B84B59A-98DB-41CC-8A96-4BDE7C32DAFF}.Release|Any CPU.Build.0 = Release|Any CPU
		{17A6C60A-6384-406E-9941-3F71D8FDC37A}.Debug|Any CPU.ActiveCfg = Debug|Any CPU
		{17A6C60A-6384-406E-9941-3F71D8FDC37A}.Debug|Any CPU.Build.0 = Debug|Any CPU
		{17A6C60A-6384-406E-9941-3F71D8FDC37A}.Release|Any CPU.ActiveCfg = Release|Any CPU
		{17A6C60A-6384-406E-9941-3F71D8FDC37A}.Release|Any CPU.Build.0 = Release|Any CPU
		{708C1952-AC6B-4938-A277-AAAE6C285E0C}.Debug|Any CPU.ActiveCfg = Debug|Any CPU
		{708C1952-AC6B-4938-A277-AAAE6C285E0C}.Debug|Any CPU.Build.0 = Debug|Any CPU
		{708C1952-AC6B-4938-A277-AAAE6C285E0C}.Release|Any CPU.ActiveCfg = Release|Any CPU
		{708C1952-AC6B-4938-A277-AAAE6C285E0C}.Release|Any CPU.Build.0 = Release|Any CPU
		{F759D532-F48A-4970-BB88-A499311DCCC7}.Debug|Any CPU.ActiveCfg = Debug|Any CPU
		{F759D532-F48A-4970-BB88-A499311DCCC7}.Debug|Any CPU.Build.0 = Debug|Any CPU
		{F759D532-F48A-4970-BB88-A499311DCCC7}.Release|Any CPU.ActiveCfg = Release|Any CPU
		{F759D532-F48A-4970-BB88-A499311DCCC7}.Release|Any CPU.Build.0 = Release|Any CPU
		{5C345625-8C4D-404A-B5E0-669AE44B0722}.Debug|Any CPU.ActiveCfg = Debug|Any CPU
		{5C345625-8C4D-404A-B5E0-669AE44B0722}.Debug|Any CPU.Build.0 = Debug|Any CPU
		{5C345625-8C4D-404A-B5E0-669AE44B0722}.Release|Any CPU.ActiveCfg = Release|Any CPU
		{5C345625-8C4D-404A-B5E0-669AE44B0722}.Release|Any CPU.Build.0 = Release|Any CPU
		{CD0C0101-68F3-465F-9330-E1E26A27F2FB}.Debug|Any CPU.ActiveCfg = Debug|Any CPU
		{CD0C0101-68F3-465F-9330-E1E26A27F2FB}.Debug|Any CPU.Build.0 = Debug|Any CPU
		{CD0C0101-68F3-465F-9330-E1E26A27F2FB}.Release|Any CPU.ActiveCfg = Release|Any CPU
		{CD0C0101-68F3-465F-9330-E1E26A27F2FB}.Release|Any CPU.Build.0 = Release|Any CPU
		{3A641331-33B9-469C-ABC0-D41665246D3E}.Debug|Any CPU.ActiveCfg = Debug|Any CPU
		{3A641331-33B9-469C-ABC0-D41665246D3E}.Debug|Any CPU.Build.0 = Debug|Any CPU
		{3A641331-33B9-469C-ABC0-D41665246D3E}.Release|Any CPU.ActiveCfg = Release|Any CPU
		{3A641331-33B9-469C-ABC0-D41665246D3E}.Release|Any CPU.Build.0 = Release|Any CPU
		{72AC0C2C-ECDF-4C24-B1B2-DC00649565E7}.Debug|Any CPU.ActiveCfg = Debug|Any CPU
		{72AC0C2C-ECDF-4C24-B1B2-DC00649565E7}.Debug|Any CPU.Build.0 = Debug|Any CPU
		{72AC0C2C-ECDF-4C24-B1B2-DC00649565E7}.Release|Any CPU.ActiveCfg = Release|Any CPU
		{72AC0C2C-ECDF-4C24-B1B2-DC00649565E7}.Release|Any CPU.Build.0 = Release|Any CPU
		{C10A8CD3-DA12-4876-850D-45C87294D190}.Debug|Any CPU.ActiveCfg = Debug|Any CPU
		{C10A8CD3-DA12-4876-850D-45C87294D190}.Debug|Any CPU.Build.0 = Debug|Any CPU
		{C10A8CD3-DA12-4876-850D-45C87294D190}.Release|Any CPU.ActiveCfg = Release|Any CPU
		{C10A8CD3-DA12-4876-850D-45C87294D190}.Release|Any CPU.Build.0 = Release|Any CPU
		{13678BF2-5E96-404A-93EF-5D2B58941C82}.Debug|Any CPU.ActiveCfg = Debug|Any CPU
		{13678BF2-5E96-404A-93EF-5D2B58941C82}.Debug|Any CPU.Build.0 = Debug|Any CPU
		{13678BF2-5E96-404A-93EF-5D2B58941C82}.Release|Any CPU.ActiveCfg = Release|Any CPU
		{13678BF2-5E96-404A-93EF-5D2B58941C82}.Release|Any CPU.Build.0 = Release|Any CPU
		{4AD51CCA-7BD9-467A-A835-E1A09B05A8A1}.Debug|Any CPU.ActiveCfg = Debug|Any CPU
		{4AD51CCA-7BD9-467A-A835-E1A09B05A8A1}.Debug|Any CPU.Build.0 = Debug|Any CPU
		{4AD51CCA-7BD9-467A-A835-E1A09B05A8A1}.Release|Any CPU.ActiveCfg = Release|Any CPU
		{4AD51CCA-7BD9-467A-A835-E1A09B05A8A1}.Release|Any CPU.Build.0 = Release|Any CPU
		{30D61C15-79DF-4FC0-86CF-8D48FC898837}.Debug|Any CPU.ActiveCfg = Debug|Any CPU
		{30D61C15-79DF-4FC0-86CF-8D48FC898837}.Debug|Any CPU.Build.0 = Debug|Any CPU
		{30D61C15-79DF-4FC0-86CF-8D48FC898837}.Release|Any CPU.ActiveCfg = Release|Any CPU
		{30D61C15-79DF-4FC0-86CF-8D48FC898837}.Release|Any CPU.Build.0 = Release|Any CPU
		{421A30E4-4320-4CF5-B33B-5B113A78060F}.Debug|Any CPU.ActiveCfg = Debug|Any CPU
		{421A30E4-4320-4CF5-B33B-5B113A78060F}.Debug|Any CPU.Build.0 = Debug|Any CPU
		{421A30E4-4320-4CF5-B33B-5B113A78060F}.Release|Any CPU.ActiveCfg = Release|Any CPU
		{421A30E4-4320-4CF5-B33B-5B113A78060F}.Release|Any CPU.Build.0 = Release|Any CPU
		{5C1D0D7E-2F73-4BF3-B527-61AB076377BD}.Debug|Any CPU.ActiveCfg = Debug|Any CPU
		{5C1D0D7E-2F73-4BF3-B527-61AB076377BD}.Debug|Any CPU.Build.0 = Debug|Any CPU
		{5C1D0D7E-2F73-4BF3-B527-61AB076377BD}.Release|Any CPU.ActiveCfg = Release|Any CPU
		{5C1D0D7E-2F73-4BF3-B527-61AB076377BD}.Release|Any CPU.Build.0 = Release|Any CPU
		{85003866-1B91-4E3C-B7BB-F776457771B0}.Debug|Any CPU.ActiveCfg = Debug|Any CPU
		{85003866-1B91-4E3C-B7BB-F776457771B0}.Debug|Any CPU.Build.0 = Debug|Any CPU
		{85003866-1B91-4E3C-B7BB-F776457771B0}.Release|Any CPU.ActiveCfg = Release|Any CPU
		{85003866-1B91-4E3C-B7BB-F776457771B0}.Release|Any CPU.Build.0 = Release|Any CPU
	EndGlobalSection
	GlobalSection(SolutionProperties) = preSolution
		HideSolutionNode = FALSE
	EndGlobalSection
	GlobalSection(ExtensibilityGlobals) = postSolution
		SolutionGuid = {BD05DF27-66F1-4C31-9B96-A1A7F784438B}
	EndGlobalSection
EndGlobal
